<?xml version="1.0" encoding="utf-8"?>
<Project ToolsVersion="4.0" xmlns="http://schemas.microsoft.com/developer/msbuild/2003">
  <ItemGroup>
    <Filter Include="源文件">
      <UniqueIdentifier>{4FC737F1-C7A5-4376-A066-2A32D752A2FF}</UniqueIdentifier>
      <Extensions>cpp;c;cc;cxx;def;odl;idl;hpj;bat;asm;asmx</Extensions>
    </Filter>
    <Filter Include="头文件">
      <UniqueIdentifier>{93995380-89BD-4b04-88EB-625FBE52EBFB}</UniqueIdentifier>
      <Extensions>h;hh;hpp;hxx;hm;inl;inc;ipp;xsd</Extensions>
    </Filter>
    <Filter Include="资源文件">
      <UniqueIdentifier>{67DA6AB6-F800-4c08-8B7A-83BB121AAD01}</UniqueIdentifier>
      <Extensions>rc;ico;cur;bmp;dlg;rc2;rct;bin;rgs;gif;jpg;jpeg;jpe;resx;tiff;tif;png;wav;mfcribbon-ms</Extensions>
    </Filter>
  </ItemGroup>
  <ItemGroup>
    <ClInclude Include="stdafx.h">
      <Filter>头文件</Filter>
    </ClInclude>
    <ClInclude Include="targetver.h">
      <Filter>头文件</Filter>
    </ClInclude>
    <ClInclude Include="librealsense2\h\rs_advanced_mode_command.h">
      <Filter>头文件</Filter>
    </ClInclude>
    <ClInclude Include="librealsense2\h\rs_context.h">
      <Filter>头文件</Filter>
    </ClInclude>
    <ClInclude Include="librealsense2\h\rs_device.h">
      <Filter>头文件</Filter>
    </ClInclude>
    <ClInclude Include="librealsense2\h\rs_frame.h">
      <Filter>头文件</Filter>
    </ClInclude>
    <ClInclude Include="librealsense2\h\rs_internal.h">
      <Filter>头文件</Filter>
    </ClInclude>
    <ClInclude Include="librealsense2\h\rs_option.h">
      <Filter>头文件</Filter>
    </ClInclude>
    <ClInclude Include="librealsense2\h\rs_pipeline.h">
      <Filter>头文件</Filter>
    </ClInclude>
    <ClInclude Include="librealsense2\h\rs_processing.h">
      <Filter>头文件</Filter>
    </ClInclude>
    <ClInclude Include="librealsense2\h\rs_record_playback.h">
      <Filter>头文件</Filter>
    </ClInclude>
    <ClInclude Include="librealsense2\h\rs_sensor.h">
      <Filter>头文件</Filter>
    </ClInclude>
    <ClInclude Include="librealsense2\h\rs_types.h">
      <Filter>头文件</Filter>
    </ClInclude>
    <ClInclude Include="librealsense2\hpp\rs_context.hpp">
      <Filter>头文件</Filter>
    </ClInclude>
    <ClInclude Include="librealsense2\hpp\rs_device.hpp">
      <Filter>头文件</Filter>
    </ClInclude>
    <ClInclude Include="librealsense2\hpp\rs_frame.hpp">
      <Filter>头文件</Filter>
    </ClInclude>
    <ClInclude Include="librealsense2\hpp\rs_internal.hpp">
      <Filter>头文件</Filter>
    </ClInclude>
    <ClInclude Include="librealsense2\hpp\rs_pipeline.hpp">
      <Filter>头文件</Filter>
    </ClInclude>
    <ClInclude Include="librealsense2\hpp\rs_processing.hpp">
      <Filter>头文件</Filter>
    </ClInclude>
    <ClInclude Include="librealsense2\hpp\rs_record_playback.hpp">
      <Filter>头文件</Filter>
    </ClInclude>
    <ClInclude Include="librealsense2\hpp\rs_sensor.hpp">
      <Filter>头文件</Filter>
    </ClInclude>
    <ClInclude Include="librealsense2\hpp\rs_types.hpp">
      <Filter>头文件</Filter>
    </ClInclude>
    <ClInclude Include="librealsense2\rs.h">
      <Filter>头文件</Filter>
    </ClInclude>
    <ClInclude Include="librealsense2\rs.hpp">
      <Filter>头文件</Filter>
    </ClInclude>
    <ClInclude Include="librealsense2\rs_advanced_mode.h">
      <Filter>头文件</Filter>
    </ClInclude>
    <ClInclude Include="librealsense2\rs_advanced_mode.hpp">
      <Filter>头文件</Filter>
    </ClInclude>
    <ClInclude Include="librealsense2\rsutil.h">
      <Filter>头文件</Filter>
    </ClInclude>
    <ClInclude Include="rs_pcl_test.h">
      <Filter>头文件</Filter>
    </ClInclude>
    <ClInclude Include="Config.h">
      <Filter>头文件</Filter>
    </ClInclude>
  </ItemGroup>
  <ItemGroup>
    <ClCompile Include="stdafx.cpp">
      <Filter>源文件</Filter>
    </ClCompile>
    <ClCompile Include="MyTest.cpp">
      <Filter>源文件</Filter>
    </ClCompile>
    <ClCompile Include="Config.cpp">
      <Filter>源文件</Filter>
    </ClCompile>
  </ItemGroup>
  <ItemGroup>
    <None Include="object.pcd" />
    <None Include="scene.pcd" />
  </ItemGroup>
  <ItemGroup>
    <Library Include="realsense2.lib" />
  </ItemGroup>
</Project>